
Microsoft Visual Studio Solution File, Format Version 12.00
# Visual Studio Version 16
VisualStudioVersion = 16.0.30621.155
MinimumVisualStudioVersion = 10.0.40219.1
Project("{FAE04EC0-301F-11D3-BF4B-00C04F79EFBC}") = "Winform01String", "Winform01String\Winform01String.csproj", "{34976D42-B13E-4F06-9583-FB5E81C605E5}"
EndProject
Project("{FAE04EC0-301F-11D3-BF4B-00C04F79EFBC}") = "Winform02DataType", "Winform02DataType\Winform02DataType.csproj", "{8E86619E-B4BE-4820-B54A-C02AE19B1EDA}"
EndProject
Project("{FAE04EC0-301F-11D3-BF4B-00C04F79EFBC}") = "Winform03Method", "Winform03Method\Winform03Method.csproj", "{5B533719-2A94-4EC6-918C-446255F90B07}"
EndProject
Project("{FAE04EC0-301F-11D3-BF4B-00C04F79EFBC}") = "Winform04Operator", "Winform04Operator\Winform04Operator.csproj", "{961FDEEC-04CE-432A-B259-F4694A7BA196}"
EndProject
Project("{FAE04EC0-301F-11D3-BF4B-00C04F79EFBC}") = "Winform05Enum", "Winform05Enum\Winform05Enum.csproj", "{CD91260F-9B1A-4C2B-ADA3-C524976690F0}"
EndProject
Project("{FAE04EC0-301F-11D3-BF4B-00C04F79EFBC}") = "Winform06Array", "Winform06Array\Winform06Array.csproj", "{9F836768-59BE-44AC-B7BE-38CA15B4965D}"
EndProject
Project("{FAE04EC0-301F-11D3-BF4B-00C04F79EFBC}") = "winfrom07If", "winfrom07If\winfrom07If.csproj", "{283610D0-1CAA-475E-8638-453A2A9EEDB3}"
EndProject
Project("{FAE04EC0-301F-11D3-BF4B-00C04F79EFBC}") = "Winform08For", "Winform08For\Winform08For.csproj", "{45257C56-1D18-4F81-B1D6-8E8F1F1D8392}"
EndProject
Project("{FAE04EC0-301F-11D3-BF4B-00C04F79EFBC}") = "Winform09While", "Winform09While\Winform09While.csproj", "{31EE0A1D-5440-4ECC-8142-CE1C0D35A2C5}"
EndProject
Project("{FAE04EC0-301F-11D3-BF4B-00C04F79EFBC}") = "Winform10Struct", "Winform10Struct\Winform10Struct.csproj", "{A172136B-3CA8-4867-983C-62DD2D99BF97}"
EndProject
Project("{FAE04EC0-301F-11D3-BF4B-00C04F79EFBC}") = "Winform11Inheritance", "Winform11Inheritance\Winform11Inheritance.csproj", "{7FB77F34-9BA3-4C7B-82F9-103C415CC3D2}"
EndProject
Project("{FAE04EC0-301F-11D3-BF4B-00C04F79EFBC}") = "Winform12Captul", "Winform12Captul\Winform12Captul.csproj", "{E5DA2166-886D-46D7-AC78-795F5A5DFF72}"
EndProject
Project("{FAE04EC0-301F-11D3-BF4B-00C04F79EFBC}") = "Winform13Stream", "Winform13Stream\Winform13Stream.csproj", "{0D3F6BEE-FCE0-4BE9-9151-5110327B7734}"
EndProject
Project("{FAE04EC0-301F-11D3-BF4B-00C04F79EFBC}") = "Winform14Timer", "Winform14Timer\Winform14Timer.csproj", "{16D58684-542D-40BD-9889-B699A3597ACB}"
EndProject
Project("{FAE04EC0-301F-11D3-BF4B-00C04F79EFBC}") = "Winform15QueueStack", "Winform15QueueStack\Winform15QueueStack.csproj", "{14784FFD-6F00-4D5E-875E-AA37E3132392}"
EndProject
Project("{FAE04EC0-301F-11D3-BF4B-00C04F79EFBC}") = "Winform16List", "WindowsFormsApp1\Winform16List.csproj", "{6BEECA9F-EF6F-4BA7-8B89-3F0AA1C034C8}"
EndProject
Project("{FAE04EC0-301F-11D3-BF4B-00C04F79EFBC}") = "Winform17Dictionary", "Winform17Dictionary\Winform17Dictionary.csproj", "{C12A1331-7136-4872-BB5F-C543351EB902}"
EndProject
Project("{FAE04EC0-301F-11D3-BF4B-00C04F79EFBC}") = "Winform18DataTable", "Winform18DataTable\Winform18DataTable.csproj", "{8616752F-D7D7-4702-B9D1-6E16155F31C6}"
EndProject
Project("{FAE04EC0-301F-11D3-BF4B-00C04F79EFBC}") = "Winform19Delegate", "Winform19Delegate\Winform19Delegate.csproj", "{16A46823-D04E-4BDD-896F-B618559993BC}"
EndProject
Project("{FAE04EC0-301F-11D3-BF4B-00C04F79EFBC}") = "Winform20Thread", "Winform20Thread\Winform20Thread.csproj", "{7CE6C233-9344-4A66-9323-1E8FD39333C5}"
EndProject
Project("{FAE04EC0-301F-11D3-BF4B-00C04F79EFBC}") = "Winform21Exception", "Winform21Exception\Winform21Exception.csproj", "{4533E99D-3CA8-4D31-B7A8-E86DCFFFDBC7}"
EndProject
Project("{FAE04EC0-301F-11D3-BF4B-00C04F79EFBC}") = "Winform21Exception2", "Winform21Exception2\Winform21Exception2.csproj", "{D45EFBC8-D123-4300-83A3-1EED58547CEE}"
EndProject
Project("{FAE04EC0-301F-11D3-BF4B-00C04F79EFBC}") = "Winform22UserControl", "Winform22UserControl\Winform22UserControl.csproj", "{44ED5D0E-847C-4FBE-946D-FE1D891797E5}"
EndProject
Project("{FAE04EC0-301F-11D3-BF4B-00C04F79EFBC}") = "Winform23Lambda", "Winform23Lambda\Winform23Lambda.csproj", "{70A79D23-67BA-432A-A241-5A35BA1ADB68}"
EndProject
Project("{FAE04EC0-301F-11D3-BF4B-00C04F79EFBC}") = "Winform24LINQ", "Winform24LINQ\Winform24LINQ.csproj", "{AD9B7594-9028-40D9-B06A-CC1E567ED9CA}"
EndProject
Project("{FAE04EC0-301F-11D3-BF4B-00C04F79EFBC}") = "Winform25TitleDisplay", "Winform25TitleDisplay\Winform25TitleDisplay.csproj", "{6A39ABE4-84B4-4CD5-A794-B45444748468}"
EndProject
Project("{FAE04EC0-301F-11D3-BF4B-00C04F79EFBC}") = "Winform26LayOut", "Winform26LayOut\Winform26LayOut.csproj", "{689491F0-FDC1-4338-A376-84BD97399833}"
EndProject
Project("{FAE04EC0-301F-11D3-BF4B-00C04F79EFBC}") = "Winform27LayOut2", "Winform27LayOut2\Winform27LayOut2.csproj", "{8BC32057-06DB-4AD5-80D3-58BA808B555C}"
EndProject
Project("{FAE04EC0-301F-11D3-BF4B-00C04F79EFBC}") = "Winform28Coding", "Winform28Coding\Winform28Coding.csproj", "{D4075318-67C7-4A48-A197-64BC741CD9BE}"
EndProject
Project("{FAE04EC0-301F-11D3-BF4B-00C04F79EFBC}") = "Winform29LinkedList", "Winform29LinkedList\Winform29LinkedList.csproj", "{17C8F217-F398-4778-AC26-3F37ACD5E442}"
EndProject
Project("{FAE04EC0-301F-11D3-BF4B-00C04F79EFBC}") = "winform28Recursion", "winform28Recursion\winform28Recursion.csproj", "{C4F8BF90-6925-401C-AC5A-1B6DBF474BEB}"
EndProject
Project("{FAE04EC0-301F-11D3-BF4B-00C04F79EFBC}") = "Winform30Lock", "Winform30Lock\Winform30Lock.csproj", "{C41708B4-A760-42B7-8CAF-A83DAB1C9D78}"
EndProject
Project("{FAE04EC0-301F-11D3-BF4B-00C04F79EFBC}") = "Winform31User32DllKeyBoardHook", "Winform31User32DllKeyBoardHook\Winform31User32DllKeyBoardHook.csproj", "{5058B566-48DC-406A-BAFC-C9005DEA6E0F}"
EndProject
Project("{FAE04EC0-301F-11D3-BF4B-00C04F79EFBC}") = "Winform32CopyAndPaste", "Winform32CopyAndPaste\Winform32CopyAndPaste.csproj", "{D273B083-DFC7-45F0-8F1A-2D3C7657F938}"
EndProject
Global
	GlobalSection(SolutionConfigurationPlatforms) = preSolution
		Debug|Any CPU = Debug|Any CPU
		Release|Any CPU = Release|Any CPU
	EndGlobalSection
	GlobalSection(ProjectConfigurationPlatforms) = postSolution
		{34976D42-B13E-4F06-9583-FB5E81C605E5}.Debug|Any CPU.ActiveCfg = Debug|Any CPU
		{34976D42-B13E-4F06-9583-FB5E81C605E5}.Debug|Any CPU.Build.0 = Debug|Any CPU
		{34976D42-B13E-4F06-9583-FB5E81C605E5}.Release|Any CPU.ActiveCfg = Release|Any CPU
		{34976D42-B13E-4F06-9583-FB5E81C605E5}.Release|Any CPU.Build.0 = Release|Any CPU
		{8E86619E-B4BE-4820-B54A-C02AE19B1EDA}.Debug|Any CPU.ActiveCfg = Debug|Any CPU
		{8E86619E-B4BE-4820-B54A-C02AE19B1EDA}.Debug|Any CPU.Build.0 = Debug|Any CPU
		{8E86619E-B4BE-4820-B54A-C02AE19B1EDA}.Release|Any CPU.ActiveCfg = Release|Any CPU
		{8E86619E-B4BE-4820-B54A-C02AE19B1EDA}.Release|Any CPU.Build.0 = Release|Any CPU
		{5B533719-2A94-4EC6-918C-446255F90B07}.Debug|Any CPU.ActiveCfg = Debug|Any CPU
		{5B533719-2A94-4EC6-918C-446255F90B07}.Debug|Any CPU.Build.0 = Debug|Any CPU
		{5B533719-2A94-4EC6-918C-446255F90B07}.Release|Any CPU.ActiveCfg = Release|Any CPU
		{5B533719-2A94-4EC6-918C-446255F90B07}.Release|Any CPU.Build.0 = Release|Any CPU
		{961FDEEC-04CE-432A-B259-F4694A7BA196}.Debug|Any CPU.ActiveCfg = Debug|Any CPU
		{961FDEEC-04CE-432A-B259-F4694A7BA196}.Debug|Any CPU.Build.0 = Debug|Any CPU
		{961FDEEC-04CE-432A-B259-F4694A7BA196}.Release|Any CPU.ActiveCfg = Release|Any CPU
		{961FDEEC-04CE-432A-B259-F4694A7BA196}.Release|Any CPU.Build.0 = Release|Any CPU
		{CD91260F-9B1A-4C2B-ADA3-C524976690F0}.Debug|Any CPU.ActiveCfg = Debug|Any CPU
		{CD91260F-9B1A-4C2B-ADA3-C524976690F0}.Debug|Any CPU.Build.0 = Debug|Any CPU
		{CD91260F-9B1A-4C2B-ADA3-C524976690F0}.Release|Any CPU.ActiveCfg = Release|Any CPU
		{CD91260F-9B1A-4C2B-ADA3-C524976690F0}.Release|Any CPU.Build.0 = Release|Any CPU
		{9F836768-59BE-44AC-B7BE-38CA15B4965D}.Debug|Any CPU.ActiveCfg = Debug|Any CPU
		{9F836768-59BE-44AC-B7BE-38CA15B4965D}.Debug|Any CPU.Build.0 = Debug|Any CPU
		{9F836768-59BE-44AC-B7BE-38CA15B4965D}.Release|Any CPU.ActiveCfg = Release|Any CPU
		{9F836768-59BE-44AC-B7BE-38CA15B4965D}.Release|Any CPU.Build.0 = Release|Any CPU
		{283610D0-1CAA-475E-8638-453A2A9EEDB3}.Debug|Any CPU.ActiveCfg = Debug|Any CPU
		{283610D0-1CAA-475E-8638-453A2A9EEDB3}.Debug|Any CPU.Build.0 = Debug|Any CPU
		{283610D0-1CAA-475E-8638-453A2A9EEDB3}.Release|Any CPU.ActiveCfg = Release|Any CPU
		{283610D0-1CAA-475E-8638-453A2A9EEDB3}.Release|Any CPU.Build.0 = Release|Any CPU
		{45257C56-1D18-4F81-B1D6-8E8F1F1D8392}.Debug|Any CPU.ActiveCfg = Debug|Any CPU
		{45257C56-1D18-4F81-B1D6-8E8F1F1D8392}.Debug|Any CPU.Build.0 = Debug|Any CPU
		{45257C56-1D18-4F81-B1D6-8E8F1F1D8392}.Release|Any CPU.ActiveCfg = Release|Any CPU
		{45257C56-1D18-4F81-B1D6-8E8F1F1D8392}.Release|Any CPU.Build.0 = Release|Any CPU
		{31EE0A1D-5440-4ECC-8142-CE1C0D35A2C5}.Debug|Any CPU.ActiveCfg = Debug|Any CPU
		{31EE0A1D-5440-4ECC-8142-CE1C0D35A2C5}.Debug|Any CPU.Build.0 = Debug|Any CPU
		{31EE0A1D-5440-4ECC-8142-CE1C0D35A2C5}.Release|Any CPU.ActiveCfg = Release|Any CPU
		{31EE0A1D-5440-4ECC-8142-CE1C0D35A2C5}.Release|Any CPU.Build.0 = Release|Any CPU
		{A172136B-3CA8-4867-983C-62DD2D99BF97}.Debug|Any CPU.ActiveCfg = Debug|Any CPU
		{A172136B-3CA8-4867-983C-62DD2D99BF97}.Debug|Any CPU.Build.0 = Debug|Any CPU
		{A172136B-3CA8-4867-983C-62DD2D99BF97}.Release|Any CPU.ActiveCfg = Release|Any CPU
		{A172136B-3CA8-4867-983C-62DD2D99BF97}.Release|Any CPU.Build.0 = Release|Any CPU
		{7FB77F34-9BA3-4C7B-82F9-103C415CC3D2}.Debug|Any CPU.ActiveCfg = Debug|Any CPU
		{7FB77F34-9BA3-4C7B-82F9-103C415CC3D2}.Debug|Any CPU.Build.0 = Debug|Any CPU
		{7FB77F34-9BA3-4C7B-82F9-103C415CC3D2}.Release|Any CPU.ActiveCfg = Release|Any CPU
		{7FB77F34-9BA3-4C7B-82F9-103C415CC3D2}.Release|Any CPU.Build.0 = Release|Any CPU
		{E5DA2166-886D-46D7-AC78-795F5A5DFF72}.Debug|Any CPU.ActiveCfg = Debug|Any CPU
		{E5DA2166-886D-46D7-AC78-795F5A5DFF72}.Debug|Any CPU.Build.0 = Debug|Any CPU
		{E5DA2166-886D-46D7-AC78-795F5A5DFF72}.Release|Any CPU.ActiveCfg = Release|Any CPU
		{E5DA2166-886D-46D7-AC78-795F5A5DFF72}.Release|Any CPU.Build.0 = Release|Any CPU
		{0D3F6BEE-FCE0-4BE9-9151-5110327B7734}.Debug|Any CPU.ActiveCfg = Debug|Any CPU
		{0D3F6BEE-FCE0-4BE9-9151-5110327B7734}.Debug|Any CPU.Build.0 = Debug|Any CPU
		{0D3F6BEE-FCE0-4BE9-9151-5110327B7734}.Release|Any CPU.ActiveCfg = Release|Any CPU
		{0D3F6BEE-FCE0-4BE9-9151-5110327B7734}.Release|Any CPU.Build.0 = Release|Any CPU
		{16D58684-542D-40BD-9889-B699A3597ACB}.Debug|Any CPU.ActiveCfg = Debug|Any CPU
		{16D58684-542D-40BD-9889-B699A3597ACB}.Debug|Any CPU.Build.0 = Debug|Any CPU
		{16D58684-542D-40BD-9889-B699A3597ACB}.Release|Any CPU.ActiveCfg = Release|Any CPU
		{16D58684-542D-40BD-9889-B699A3597ACB}.Release|Any CPU.Build.0 = Release|Any CPU
		{14784FFD-6F00-4D5E-875E-AA37E3132392}.Debug|Any CPU.ActiveCfg = Debug|Any CPU
		{14784FFD-6F00-4D5E-875E-AA37E3132392}.Debug|Any CPU.Build.0 = Debug|Any CPU
		{14784FFD-6F00-4D5E-875E-AA37E3132392}.Release|Any CPU.ActiveCfg = Release|Any CPU
		{14784FFD-6F00-4D5E-875E-AA37E3132392}.Release|Any CPU.Build.0 = Release|Any CPU
		{6BEECA9F-EF6F-4BA7-8B89-3F0AA1C034C8}.Debug|Any CPU.ActiveCfg = Debug|Any CPU
		{6BEECA9F-EF6F-4BA7-8B89-3F0AA1C034C8}.Debug|Any CPU.Build.0 = Debug|Any CPU
		{6BEECA9F-EF6F-4BA7-8B89-3F0AA1C034C8}.Release|Any CPU.ActiveCfg = Release|Any CPU
		{6BEECA9F-EF6F-4BA7-8B89-3F0AA1C034C8}.Release|Any CPU.Build.0 = Release|Any CPU
		{C12A1331-7136-4872-BB5F-C543351EB902}.Debug|Any CPU.ActiveCfg = Debug|Any CPU
		{C12A1331-7136-4872-BB5F-C543351EB902}.Debug|Any CPU.Build.0 = Debug|Any CPU
		{C12A1331-7136-4872-BB5F-C543351EB902}.Release|Any CPU.ActiveCfg = Release|Any CPU
		{C12A1331-7136-4872-BB5F-C543351EB902}.Release|Any CPU.Build.0 = Release|Any CPU
		{8616752F-D7D7-4702-B9D1-6E16155F31C6}.Debug|Any CPU.ActiveCfg = Debug|Any CPU
		{8616752F-D7D7-4702-B9D1-6E16155F31C6}.Debug|Any CPU.Build.0 = Debug|Any CPU
		{8616752F-D7D7-4702-B9D1-6E16155F31C6}.Release|Any CPU.ActiveCfg = Release|Any CPU
		{8616752F-D7D7-4702-B9D1-6E16155F31C6}.Release|Any CPU.Build.0 = Release|Any CPU
		{16A46823-D04E-4BDD-896F-B618559993BC}.Debug|Any CPU.ActiveCfg = Debug|Any CPU
		{16A46823-D04E-4BDD-896F-B618559993BC}.Debug|Any CPU.Build.0 = Debug|Any CPU
		{16A46823-D04E-4BDD-896F-B618559993BC}.Release|Any CPU.ActiveCfg = Release|Any CPU
		{16A46823-D04E-4BDD-896F-B618559993BC}.Release|Any CPU.Build.0 = Release|Any CPU
		{7CE6C233-9344-4A66-9323-1E8FD39333C5}.Debug|Any CPU.ActiveCfg = Debug|Any CPU
		{7CE6C233-9344-4A66-9323-1E8FD39333C5}.Debug|Any CPU.Build.0 = Debug|Any CPU
		{7CE6C233-9344-4A66-9323-1E8FD39333C5}.Release|Any CPU.ActiveCfg = Release|Any CPU
		{7CE6C233-9344-4A66-9323-1E8FD39333C5}.Release|Any CPU.Build.0 = Release|Any CPU
		{4533E99D-3CA8-4D31-B7A8-E86DCFFFDBC7}.Debug|Any CPU.ActiveCfg = Debug|Any CPU
		{4533E99D-3CA8-4D31-B7A8-E86DCFFFDBC7}.Debug|Any CPU.Build.0 = Debug|Any CPU
		{4533E99D-3CA8-4D31-B7A8-E86DCFFFDBC7}.Release|Any CPU.ActiveCfg = Release|Any CPU
		{4533E99D-3CA8-4D31-B7A8-E86DCFFFDBC7}.Release|Any CPU.Build.0 = Release|Any CPU
		{D45EFBC8-D123-4300-83A3-1EED58547CEE}.Debug|Any CPU.ActiveCfg = Debug|Any CPU
		{D45EFBC8-D123-4300-83A3-1EED58547CEE}.Debug|Any CPU.Build.0 = Debug|Any CPU
		{D45EFBC8-D123-4300-83A3-1EED58547CEE}.Release|Any CPU.ActiveCfg = Release|Any CPU
		{D45EFBC8-D123-4300-83A3-1EED58547CEE}.Release|Any CPU.Build.0 = Release|Any CPU
		{44ED5D0E-847C-4FBE-946D-FE1D891797E5}.Debug|Any CPU.ActiveCfg = Debug|Any CPU
		{44ED5D0E-847C-4FBE-946D-FE1D891797E5}.Debug|Any CPU.Build.0 = Debug|Any CPU
		{44ED5D0E-847C-4FBE-946D-FE1D891797E5}.Release|Any CPU.ActiveCfg = Release|Any CPU
		{44ED5D0E-847C-4FBE-946D-FE1D891797E5}.Release|Any CPU.Build.0 = Release|Any CPU
		{70A79D23-67BA-432A-A241-5A35BA1ADB68}.Debug|Any CPU.ActiveCfg = Debug|Any CPU
		{70A79D23-67BA-432A-A241-5A35BA1ADB68}.Debug|Any CPU.Build.0 = Debug|Any CPU
		{70A79D23-67BA-432A-A241-5A35BA1ADB68}.Release|Any CPU.ActiveCfg = Release|Any CPU
		{70A79D23-67BA-432A-A241-5A35BA1ADB68}.Release|Any CPU.Build.0 = Release|Any CPU
		{AD9B7594-9028-40D9-B06A-CC1E567ED9CA}.Debug|Any CPU.ActiveCfg = Debug|Any CPU
		{AD9B7594-9028-40D9-B06A-CC1E567ED9CA}.Debug|Any CPU.Build.0 = Debug|Any CPU
		{AD9B7594-9028-40D9-B06A-CC1E567ED9CA}.Release|Any CPU.ActiveCfg = Release|Any CPU
		{AD9B7594-9028-40D9-B06A-CC1E567ED9CA}.Release|Any CPU.Build.0 = Release|Any CPU
		{6A39ABE4-84B4-4CD5-A794-B45444748468}.Debug|Any CPU.ActiveCfg = Debug|Any CPU
		{6A39ABE4-84B4-4CD5-A794-B45444748468}.Debug|Any CPU.Build.0 = Debug|Any CPU
		{6A39ABE4-84B4-4CD5-A794-B45444748468}.Release|Any CPU.ActiveCfg = Release|Any CPU
		{6A39ABE4-84B4-4CD5-A794-B45444748468}.Release|Any CPU.Build.0 = Release|Any CPU
		{689491F0-FDC1-4338-A376-84BD97399833}.Debug|Any CPU.ActiveCfg = Debug|Any CPU
		{689491F0-FDC1-4338-A376-84BD97399833}.Debug|Any CPU.Build.0 = Debug|Any CPU
		{689491F0-FDC1-4338-A376-84BD97399833}.Release|Any CPU.ActiveCfg = Release|Any CPU
		{689491F0-FDC1-4338-A376-84BD97399833}.Release|Any CPU.Build.0 = Release|Any CPU
		{8BC32057-06DB-4AD5-80D3-58BA808B555C}.Debug|Any CPU.ActiveCfg = Debug|Any CPU
		{8BC32057-06DB-4AD5-80D3-58BA808B555C}.Debug|Any CPU.Build.0 = Debug|Any CPU
		{8BC32057-06DB-4AD5-80D3-58BA808B555C}.Release|Any CPU.ActiveCfg = Release|Any CPU
		{8BC32057-06DB-4AD5-80D3-58BA808B555C}.Release|Any CPU.Build.0 = Release|Any CPU
		{D4075318-67C7-4A48-A197-64BC741CD9BE}.Debug|Any CPU.ActiveCfg = Debug|Any CPU
		{D4075318-67C7-4A48-A197-64BC741CD9BE}.Debug|Any CPU.Build.0 = Debug|Any CPU
		{D4075318-67C7-4A48-A197-64BC741CD9BE}.Release|Any CPU.ActiveCfg = Release|Any CPU
		{D4075318-67C7-4A48-A197-64BC741CD9BE}.Release|Any CPU.Build.0 = Release|Any CPU
		{17C8F217-F398-4778-AC26-3F37ACD5E442}.Debug|Any CPU.ActiveCfg = Debug|Any CPU
		{17C8F217-F398-4778-AC26-3F37ACD5E442}.Debug|Any CPU.Build.0 = Debug|Any CPU
		{17C8F217-F398-4778-AC26-3F37ACD5E442}.Release|Any CPU.ActiveCfg = Release|Any CPU
		{17C8F217-F398-4778-AC26-3F37ACD5E442}.Release|Any CPU.Build.0 = Release|Any CPU
		{C4F8BF90-6925-401C-AC5A-1B6DBF474BEB}.Debug|Any CPU.ActiveCfg = Debug|Any CPU
		{C4F8BF90-6925-401C-AC5A-1B6DBF474BEB}.Debug|Any CPU.Build.0 = Debug|Any CPU
		{C4F8BF90-6925-401C-AC5A-1B6DBF474BEB}.Release|Any CPU.ActiveCfg = Release|Any CPU
		{C4F8BF90-6925-401C-AC5A-1B6DBF474BEB}.Release|Any CPU.Build.0 = Release|Any CPU
		{C41708B4-A760-42B7-8CAF-A83DAB1C9D78}.Debug|Any CPU.ActiveCfg = Debug|Any CPU
		{C41708B4-A760-42B7-8CAF-A83DAB1C9D78}.Debug|Any CPU.Build.0 = Debug|Any CPU
		{C41708B4-A760-42B7-8CAF-A83DAB1C9D78}.Release|Any CPU.ActiveCfg = Release|Any CPU
		{C41708B4-A760-42B7-8CAF-A83DAB1C9D78}.Release|Any CPU.Build.0 = Release|Any CPU
		{5058B566-48DC-406A-BAFC-C9005DEA6E0F}.Debug|Any CPU.ActiveCfg = Debug|Any CPU
		{5058B566-48DC-406A-BAFC-C9005DEA6E0F}.Debug|Any CPU.Build.0 = Debug|Any CPU
		{5058B566-48DC-406A-BAFC-C9005DEA6E0F}.Release|Any CPU.ActiveCfg = Release|Any CPU
		{5058B566-48DC-406A-BAFC-C9005DEA6E0F}.Release|Any CPU.Build.0 = Release|Any CPU
		{D273B083-DFC7-45F0-8F1A-2D3C7657F938}.Debug|Any CPU.ActiveCfg = Debug|Any CPU
		{D273B083-DFC7-45F0-8F1A-2D3C7657F938}.Debug|Any CPU.Build.0 = Debug|Any CPU
		{D273B083-DFC7-45F0-8F1A-2D3C7657F938}.Release|Any CPU.ActiveCfg = Release|Any CPU
		{D273B083-DFC7-45F0-8F1A-2D3C7657F938}.Release|Any CPU.Build.0 = Release|Any CPU
	EndGlobalSection
	GlobalSection(SolutionProperties) = preSolution
		HideSolutionNode = FALSE
	EndGlobalSection
	GlobalSection(ExtensibilityGlobals) = postSolution
		SolutionGuid = {DB5AAEB5-864D-440D-8E2B-B1B1AFEC40F9}
	EndGlobalSection
EndGlobal
