
Microsoft Visual Studio Solution File, Format Version 12.00
# Visual Studio Version 16
VisualStudioVersion = 16.0.29613.14
MinimumVisualStudioVersion = 10.0.40219.1
Project("{FAE04EC0-301F-11D3-BF4B-00C04F79EFBC}") = "문자열보간", "문자열보간\문자열보간.csproj", "{881604DA-27A4-413D-89A0-B17E2509DDC6}"
EndProject
Global
	GlobalSection(SolutionConfigurationPlatforms) = preSolution
		Debug|Any CPU = Debug|Any CPU
		Release|Any CPU = Release|Any CPU
	EndGlobalSection
	GlobalSection(ProjectConfigurationPlatforms) = postSolution
		{881604DA-27A4-413D-89A0-B17E2509DDC6}.Debug|Any CPU.ActiveCfg = Debug|Any CPU
		{881604DA-27A4-413D-89A0-B17E2509DDC6}.Debug|Any CPU.Build.0 = Debug|Any CPU
		{881604DA-27A4-413D-89A0-B17E2509DDC6}.Release|Any CPU.ActiveCfg = Release|Any CPU
		{881604DA-27A4-413D-89A0-B17E2509DDC6}.Release|Any CPU.Build.0 = Release|Any CPU
	EndGlobalSection
	GlobalSection(SolutionProperties) = preSolution
		HideSolutionNode = FALSE
	EndGlobalSection
	GlobalSection(ExtensibilityGlobals) = postSolution
		SolutionGuid = {543A9294-FB68-4203-84F8-0974BC12A75B}
	EndGlobalSection
EndGlobal
